// !$*UTF8*$!
{
	archiveVersion = 1;
	classes = {
	};
	objectVersion = 51;
	objects = {

/* Begin PBXBuildFile section */
		9322CCF63259F4E12ECD38B7 /* Pods_LEDControl.framework in Frameworks */ = {isa = PBXBuildFile; fileRef = 7033CBC47E9FAF715139E549 /* Pods_LEDControl.framework */; };
		950C11EC255CB3F300BF4978 /* AppDelegate.swift in Sources */ = {isa = PBXBuildFile; fileRef = 950C11EB255CB3F300BF4978 /* AppDelegate.swift */; };
		950C11EE255CB3F300BF4978 /* SceneDelegate.swift in Sources */ = {isa = PBXBuildFile; fileRef = 950C11ED255CB3F300BF4978 /* SceneDelegate.swift */; };
		950C11F0255CB3F300BF4978 /* ViewController.swift in Sources */ = {isa = PBXBuildFile; fileRef = 950C11EF255CB3F300BF4978 /* ViewController.swift */; };
		950C11F3255CB3F300BF4978 /* Main.storyboard in Resources */ = {isa = PBXBuildFile; fileRef = 950C11F1255CB3F300BF4978 /* Main.storyboard */; };
		950C11F5255CB3F500BF4978 /* Assets.xcassets in Resources */ = {isa = PBXBuildFile; fileRef = 950C11F4255CB3F500BF4978 /* Assets.xcassets */; };
		950C11F8255CB3F500BF4978 /* LaunchScreen.storyboard in Resources */ = {isa = PBXBuildFile; fileRef = 950C11F6255CB3F500BF4978 /* LaunchScreen.storyboard */; };
/* End PBXBuildFile section */

/* Begin PBXFileReference section */
		41D94E48C059A37726D128F4 /* Pods-LEDControl.release.xcconfig */ = {isa = PBXFileReference; includeInIndex = 1; lastKnownFileType = text.xcconfig; name = "Pods-LEDControl.release.xcconfig"; path = "Target Support Files/Pods-LEDControl/Pods-LEDControl.release.xcconfig"; sourceTree = "<group>"; };
		7033CBC47E9FAF715139E549 /* Pods_LEDControl.framework */ = {isa = PBXFileReference; explicitFileType = wrapper.framework; includeInIndex = 0; path = Pods_LEDControl.framework; sourceTree = BUILT_PRODUCTS_DIR; };
		950C11E8255CB3F300BF4978 /* LEDControl.app */ = {isa = PBXFileReference; explicitFileType = wrapper.application; includeInIndex = 0; path = LEDControl.app; sourceTree = BUILT_PRODUCTS_DIR; };
		950C11EB255CB3F300BF4978 /* AppDelegate.swift */ = {isa = PBXFileReference; lastKnownFileType = sourcecode.swift; path = AppDelegate.swift; sourceTree = "<group>"; };
		950C11ED255CB3F300BF4978 /* SceneDelegate.swift */ = {isa = PBXFileReference; lastKnownFileType = sourcecode.swift; path = SceneDelegate.swift; sourceTree = "<group>"; };
		950C11EF255CB3F300BF4978 /* ViewController.swift */ = {isa = PBXFileReference; lastKnownFileType = sourcecode.swift; path = ViewController.swift; sourceTree = "<group>"; };
		950C11F2255CB3F300BF4978 /* Base */ = {isa = PBXFileReference; lastKnownFileType = file.storyboard; name = Base; path = Base.lproj/Main.storyboard; sourceTree = "<group>"; };
		950C11F4255CB3F500BF4978 /* Assets.xcassets */ = {isa = PBXFileReference; lastKnownFileType = folder.assetcatalog; path = Assets.xcassets; sourceTree = "<group>"; };
		950C11F7255CB3F500BF4978 /* Base */ = {isa = PBXFileReference; lastKnownFileType = file.storyboard; name = Base; path = Base.lproj/LaunchScreen.storyboard; sourceTree = "<group>"; };
		950C11F9255CB3F500BF4978 /* Info.plist */ = {isa = PBXFileReference; lastKnownFileType = text.plist.xml; path = Info.plist; sourceTree = "<group>"; };
		A316E0D03966CB87948BCA18 /* Pods-LEDControl.debug.xcconfig */ = {isa = PBXFileReference; includeInIndex = 1; lastKnownFileType = text.xcconfig; name = "Pods-LEDControl.debug.xcconfig"; path = "Target Support Files/Pods-LEDControl/Pods-LEDControl.debug.xcconfig"; sourceTree = "<group>"; };
/* End PBXFileReference section */

/* Begin PBXFrameworksBuildPhase section */
		950C11E5255CB3F300BF4978 /* Frameworks */ = {
			isa = PBXFrameworksBuildPhase;
			buildActionMask = 2147483647;
			files = (
				9322CCF63259F4E12ECD38B7 /* Pods_LEDControl.framework in Frameworks */,
			);
			runOnlyForDeploymentPostprocessing = 0;
		};
/* End PBXFrameworksBuildPhase section */

/* Begin PBXGroup section */
		5B96C846124DDD2DA1F2DF71 /* Pods */ = {
			isa = PBXGroup;
			children = (
				A316E0D03966CB87948BCA18 /* Pods-LEDControl.debug.xcconfig */,
				41D94E48C059A37726D128F4 /* Pods-LEDControl.release.xcconfig */,
			);
			path = Pods;
			sourceTree = "<group>";
		};
		7C4AAE29C4CBF3EF73A0CB0F /* Frameworks */ = {
			isa = PBXGroup;
			children = (
				7033CBC47E9FAF715139E549 /* Pods_LEDControl.framework */,
			);
			name = Frameworks;
			sourceTree = "<group>";
		};
		950C11DF255CB3F300BF4978 = {
			isa = PBXGroup;
			children = (
				950C11EA255CB3F300BF4978 /* LEDControl */,
				950C11E9255CB3F300BF4978 /* Products */,
				5B96C846124DDD2DA1F2DF71 /* Pods */,
				7C4AAE29C4CBF3EF73A0CB0F /* Frameworks */,
			);
			sourceTree = "<group>";
		};
		950C11E9255CB3F300BF4978 /* Products */ = {
			isa = PBXGroup;
			children = (
				950C11E8255CB3F300BF4978 /* LEDControl.app */,
			);
			name = Products;
			sourceTree = "<group>";
		};
		950C11EA255CB3F300BF4978 /* LEDControl */ = {
			isa = PBXGroup;
			children = (
				950C11EB255CB3F300BF4978 /* AppDelegate.swift */,
				950C11ED255CB3F300BF4978 /* SceneDelegate.swift */,
				950C11EF255CB3F300BF4978 /* ViewController.swift */,
				950C11F1255CB3F300BF4978 /* Main.storyboard */,
				950C11F4255CB3F500BF4978 /* Assets.xcassets */,
				950C11F6255CB3F500BF4978 /* LaunchScreen.storyboard */,
				950C11F9255CB3F500BF4978 /* Info.plist */,
			);
			path = LEDControl;
			sourceTree = "<group>";
		};
/* End PBXGroup section */

/* Begin PBXNativeTarget section */
		950C11E7255CB3F300BF4978 /* LEDControl */ = {
			isa = PBXNativeTarget;
			buildConfigurationList = 950C11FC255CB3F500BF4978 /* Build configuration list for PBXNativeTarget "LEDControl" */;
			buildPhases = (
				E803D9144F1901FEA9E85D19 /* [CP] Check Pods Manifest.lock */,
				950C11E4255CB3F300BF4978 /* Sources */,
				950C11E5255CB3F300BF4978 /* Frameworks */,
				950C11E6255CB3F300BF4978 /* Resources */,
				F72D2A7AAC93F1EDBB854372 /* [CP] Embed Pods Frameworks */,
			);
			buildRules = (
			);
			dependencies = (
			);
			name = LEDControl;
			productName = LEDControl;
			productReference = 950C11E8255CB3F300BF4978 /* LEDControl.app */;
			productType = "com.apple.product-type.application";
		};
/* End PBXNativeTarget section */

/* Begin PBXProject section */
		950C11E0255CB3F300BF4978 /* Project object */ = {
			isa = PBXProject;
			attributes = {
				LastSwiftUpdateCheck = 1210;
				LastUpgradeCheck = 1210;
				TargetAttributes = {
					950C11E7255CB3F300BF4978 = {
						CreatedOnToolsVersion = 12.1;
					};
				};
			};
			buildConfigurationList = 950C11E3255CB3F300BF4978 /* Build configuration list for PBXProject "LEDControl" */;
			compatibilityVersion = "Xcode 9.3";
			developmentRegion = en;
			hasScannedForEncodings = 0;
			knownRegions = (
				en,
				Base,
			);
			mainGroup = 950C11DF255CB3F300BF4978;
			productRefGroup = 950C11E9255CB3F300BF4978 /* Products */;
			projectDirPath = "";
			projectRoot = "";
			targets = (
				950C11E7255CB3F300BF4978 /* LEDControl */,
			);
		};
/* End PBXProject section */

/* Begin PBXResourcesBuildPhase section */
		950C11E6255CB3F300BF4978 /* Resources */ = {
			isa = PBXResourcesBuildPhase;
			buildActionMask = 2147483647;
			files = (
				950C11F8255CB3F500BF4978 /* LaunchScreen.storyboard in Resources */,
				950C11F5255CB3F500BF4978 /* Assets.xcassets in Resources */,
				950C11F3255CB3F300BF4978 /* Main.storyboard in Resources */,
			);
			runOnlyForDeploymentPostprocessing = 0;
		};
/* End PBXResourcesBuildPhase section */

/* Begin PBXShellScriptBuildPhase section */
		E803D9144F1901FEA9E85D19 /* [CP] Check Pods Manifest.lock */ = {
			isa = PBXShellScriptBuildPhase;
			buildActionMask = 2147483647;
			files = (
			);
			inputFileListPaths = (
			);
			inputPaths = (
				"${PODS_PODFILE_DIR_PATH}/Podfile.lock",
				"${PODS_ROOT}/Manifest.lock",
			);
			name = "[CP] Check Pods Manifest.lock";
			outputFileListPaths = (
			);
			outputPaths = (
				"$(DERIVED_FILE_DIR)/Pods-LEDControl-checkManifestLockResult.txt",
			);
			runOnlyForDeploymentPostprocessing = 0;
			shellPath = /bin/sh;
			shellScript = "diff \"${PODS_PODFILE_DIR_PATH}/Podfile.lock\" \"${PODS_ROOT}/Manifest.lock\" > /dev/null\nif [ $? != 0 ] ; then\n    # print error to STDERR\n    echo \"error: The sandbox is not in sync with the Podfile.lock. Run 'pod install' or update your CocoaPods installation.\" >&2\n    exit 1\nfi\n# This output is used by Xcode 'outputs' to avoid re-running this script phase.\necho \"SUCCESS\" > \"${SCRIPT_OUTPUT_FILE_0}\"\n";
			showEnvVarsInLog = 0;
		};
		F72D2A7AAC93F1EDBB854372 /* [CP] Embed Pods Frameworks */ = {
			isa = PBXShellScriptBuildPhase;
			buildActionMask = 2147483647;
			files = (
			);
			inputFileListPaths = (
				"${PODS_ROOT}/Target Support Files/Pods-LEDControl/Pods-LEDControl-frameworks-${CONFIGURATION}-input-files.xcfilelist",
			);
			name = "[CP] Embed Pods Frameworks";
			outputFileListPaths = (
				"${PODS_ROOT}/Target Support Files/Pods-LEDControl/Pods-LEDControl-frameworks-${CONFIGURATION}-output-files.xcfilelist",
			);
			runOnlyForDeploymentPostprocessing = 0;
			shellPath = /bin/sh;
			shellScript = "\"${PODS_ROOT}/Target Support Files/Pods-LEDControl/Pods-LEDControl-frameworks.sh\"\n";
			showEnvVarsInLog = 0;
		};
/* End PBXShellScriptBuildPhase section */

/* Begin PBXSourcesBuildPhase section */
		950C11E4255CB3F300BF4978 /* Sources */ = {
			isa = PBXSourcesBuildPhase;
			buildActionMask = 2147483647;
			files = (
				950C11F0255CB3F300BF4978 /* ViewController.swift in Sources */,
				950C11EC255CB3F300BF4978 /* AppDelegate.swift in Sources */,
				950C11EE255CB3F300BF4978 /* SceneDelegate.swift in Sources */,
			);
			runOnlyForDeploymentPostprocessing = 0;
		};
/* End PBXSourcesBuildPhase section */

/* Begin PBXVariantGroup section */
		950C11F1255CB3F300BF4978 /* Main.storyboard */ = {
			isa = PBXVariantGroup;
			children = (
				950C11F2255CB3F300BF4978 /* Base */,
			);
			name = Main.storyboard;
			sourceTree = "<group>";
		};
		950C11F6255CB3F500BF4978 /* LaunchScreen.storyboard */ = {
			isa = PBXVariantGroup;
			children = (
				950C11F7255CB3F500BF4978 /* Base */,
			);
			name = LaunchScreen.storyboard;
			sourceTree = "<group>";
		};
/* End PBXVariantGroup section */

/* Begin XCBuildConfiguration section */
		950C11FA255CB3F500BF4978 /* Debug */ = {
			isa = XCBuildConfiguration;
			buildSettings = {
				ALWAYS_SEARCH_USER_PATHS = NO;
				CLANG_ANALYZER_NONNULL = YES;
				CLANG_ANALYZER_NUMBER_OBJECT_CONVERSION = YES_AGGRESSIVE;
				CLANG_CXX_LANGUAGE_STANDARD = "gnu++14";
				CLANG_CXX_LIBRARY = "libc++";
				CLANG_ENABLE_MODULES = YES;
				CLANG_ENABLE_OBJC_ARC = YES;
				CLANG_ENABLE_OBJC_WEAK = YES;
				CLANG_WARN_BLOCK_CAPTURE_AUTORELEASING = YES;
				CLANG_WARN_BOOL_CONVERSION = YES;
				CLANG_WARN_COMMA = YES;
				CLANG_WARN_CONSTANT_CONVERSION = YES;
				CLANG_WARN_DEPRECATED_OBJC_IMPLEMENTATIONS = YES;
				CLANG_WARN_DIRECT_OBJC_ISA_USAGE = YES_ERROR;
				CLANG_WARN_DOCUMENTATION_COMMENTS = YES;
				CLANG_WARN_EMPTY_BODY = YES;
				CLANG_WARN_ENUM_CONVERSION = YES;
				CLANG_WARN_INFINITE_RECURSION = YES;
				CLANG_WARN_INT_CONVERSION = YES;
				CLANG_WARN_NON_LITERAL_NULL_CONVERSION = YES;
				CLANG_WARN_OBJC_IMPLICIT_RETAIN_SELF = YES;
				CLANG_WARN_OBJC_LITERAL_CONVERSION = YES;
				CLANG_WARN_OBJC_ROOT_CLASS = YES_ERROR;
				CLANG_WARN_QUOTED_INCLUDE_IN_FRAMEWORK_HEADER = YES;
				CLANG_WARN_RANGE_LOOP_ANALYSIS = YES;
				CLANG_WARN_STRICT_PROTOTYPES = YES;
				CLANG_WARN_SUSPICIOUS_MOVE = YES;
				CLANG_WARN_UNGUARDED_AVAILABILITY = YES_AGGRESSIVE;
				CLANG_WARN_UNREACHABLE_CODE = YES;
				CLANG_WARN__DUPLICATE_METHOD_MATCH = YES;
				COPY_PHASE_STRIP = NO;
				DEBUG_INFORMATION_FORMAT = dwarf;
				ENABLE_STRICT_OBJC_MSGSEND = YES;
				ENABLE_TESTABILITY = YES;
				GCC_C_LANGUAGE_STANDARD = gnu11;
				GCC_DYNAMIC_NO_PIC = NO;
				GCC_NO_COMMON_BLOCKS = YES;
				GCC_OPTIMIZATION_LEVEL = 0;
				GCC_PREPROCESSOR_DEFINITIONS = (
					"DEBUG=1",
					"$(inherited)",
				);
				GCC_WARN_64_TO_32_BIT_CONVERSION = YES;
				GCC_WARN_ABOUT_RETURN_TYPE = YES_ERROR;
				GCC_WARN_UNDECLARED_SELECTOR = YES;
				GCC_WARN_UNINITIALIZED_AUTOS = YES_AGGRESSIVE;
				GCC_WARN_UNUSED_FUNCTION = YES;
				GCC_WARN_UNUSED_VARIABLE = YES;
				IPHONEOS_DEPLOYMENT_TARGET = 13.5;
				MTL_ENABLE_DEBUG_INFO = INCLUDE_SOURCE;
				MTL_FAST_MATH = YES;
				ONLY_ACTIVE_ARCH = YES;
				SDKROOT = iphoneos;
				SWIFT_ACTIVE_COMPILATION_CONDITIONS = DEBUG;
				SWIFT_OPTIMIZATION_LEVEL = "-Onone";
			};
			name = Debug;
		};
		950C11FB255CB3F500BF4978 /* Release */ = {
			isa = XCBuildConfiguration;
			buildSettings = {
				ALWAYS_SEARCH_USER_PATHS = NO;
				CLANG_ANALYZER_NONNULL = YES;
				CLANG_ANALYZER_NUMBER_OBJECT_CONVERSION = YES_AGGRESSIVE;
				CLANG_CXX_LANGUAGE_STANDARD = "gnu++14";
				CLANG_CXX_LIBRARY = "libc++";
				CLANG_ENABLE_MODULES = YES;
				CLANG_ENABLE_OBJC_ARC = YES;
				CLANG_ENABLE_OBJC_WEAK = YES;
				CLANG_WARN_BLOCK_CAPTURE_AUTORELEASING = YES;
				CLANG_WARN_BOOL_CONVERSION = YES;
				CLANG_WARN_COMMA = YES;
				CLANG_WARN_CONSTANT_CONVERSION = YES;
				CLANG_WARN_DEPRECATED_OBJC_IMPLEMENTATIONS = YES;
				CLANG_WARN_DIRECT_OBJC_ISA_USAGE = YES_ERROR;
				CLANG_WARN_DOCUMENTATION_COMMENTS = YES;
				CLANG_WARN_EMPTY_BODY = YES;
				CLANG_WARN_ENUM_CONVERSION = YES;
				CLANG_WARN_INFINITE_RECURSION = YES;
				CLANG_WARN_INT_CONVERSION = YES;
				CLANG_WARN_NON_LITERAL_NULL_CONVERSION = YES;
				CLANG_WARN_OBJC_IMPLICIT_RETAIN_SELF = YES;
				CLANG_WARN_OBJC_LITERAL_CONVERSION = YES;
				CLANG_WARN_OBJC_ROOT_CLASS = YES_ERROR;
				CLANG_WARN_QUOTED_INCLUDE_IN_FRAMEWORK_HEADER = YES;
				CLANG_WARN_RANGE_LOOP_ANALYSIS = YES;
				CLANG_WARN_STRICT_PROTOTYPES = YES;
				CLANG_WARN_SUSPICIOUS_MOVE = YES;
				CLANG_WARN_UNGUARDED_AVAILABILITY = YES_AGGRESSIVE;
				CLANG_WARN_UNREACHABLE_CODE = YES;
				CLANG_WARN__DUPLICATE_METHOD_MATCH = YES;
				COPY_PHASE_STRIP = NO;
				DEBUG_INFORMATION_FORMAT = "dwarf-with-dsym";
				ENABLE_NS_ASSERTIONS = NO;
				ENABLE_STRICT_OBJC_MSGSEND = YES;
				GCC_C_LANGUAGE_STANDARD = gnu11;
				GCC_NO_COMMON_BLOCKS = YES;
				GCC_WARN_64_TO_32_BIT_CONVERSION = YES;
				GCC_WARN_ABOUT_RETURN_TYPE = YES_ERROR;
				GCC_WARN_UNDECLARED_SELECTOR = YES;
				GCC_WARN_UNINITIALIZED_AUTOS = YES_AGGRESSIVE;
				GCC_WARN_UNUSED_FUNCTION = YES;
				GCC_WARN_UNUSED_VARIABLE = YES;
				IPHONEOS_DEPLOYMENT_TARGET = 13.5;
				MTL_ENABLE_DEBUG_INFO = NO;
				MTL_FAST_MATH = YES;
				SDKROOT = iphoneos;
				SWIFT_COMPILATION_MODE = wholemodule;
				SWIFT_OPTIMIZATION_LEVEL = "-O";
				VALIDATE_PRODUCT = YES;
			};
			name = Release;
		};
		950C11FD255CB3F500BF4978 /* Debug */ = {
			isa = XCBuildConfiguration;
			baseConfigurationReference = A316E0D03966CB87948BCA18 /* Pods-LEDControl.debug.xcconfig */;
			buildSettings = {
				ASSETCATALOG_COMPILER_APPICON_NAME = AppIcon;
				ASSETCATALOG_COMPILER_GLOBAL_ACCENT_COLOR_NAME = AccentColor;
				CODE_SIGN_STYLE = Automatic;
				DEVELOPMENT_TEAM = B8CDSYWV8E;
				INFOPLIST_FILE = LEDControl/Info.plist;
				IPHONEOS_DEPLOYMENT_TARGET = 13.5;
				LD_RUNPATH_SEARCH_PATHS = (
					"$(inherited)",
					"@executable_path/Frameworks",
				);
				PRODUCT_BUNDLE_IDENTIFIER = com.wyattgahm.LEDControl;
				PRODUCT_NAME = "$(TARGET_NAME)";
				SWIFT_VERSION = 5.0;
				TARGETED_DEVICE_FAMILY = "1,2";
			};
			name = Debug;
		};
		950C11FE255CB3F500BF4978 /* Release */ = {
			isa = XCBuildConfiguration;
			baseConfigurationReference = 41D94E48C059A37726D128F4 /* Pods-LEDControl.release.xcconfig */;
			buildSettings = {
				ASSETCATALOG_COMPILER_APPICON_NAME = AppIcon;
				ASSETCATALOG_COMPILER_GLOBAL_ACCENT_COLOR_NAME = AccentColor;
				CODE_SIGN_STYLE = Automatic;
				DEVELOPMENT_TEAM = B8CDSYWV8E;
				INFOPLIST_FILE = LEDControl/Info.plist;
				IPHONEOS_DEPLOYMENT_TARGET = 13.5;
				LD_RUNPATH_SEARCH_PATHS = (
					"$(inherited)",
					"@executable_path/Frameworks",
				);
				PRODUCT_BUNDLE_IDENTIFIER = com.wyattgahm.LEDControl;
				PRODUCT_NAME = "$(TARGET_NAME)";
				SWIFT_VERSION = 5.0;
				TARGETED_DEVICE_FAMILY = "1,2";
			};
			name = Release;
		};
/* End XCBuildConfiguration section */

/* Begin XCConfigurationList section */
		950C11E3255CB3F300BF4978 /* Build configuration list for PBXProject "LEDControl" */ = {
			isa = XCConfigurationList;
			buildConfigurations = (
				950C11FA255CB3F500BF4978 /* Debug */,
				950C11FB255CB3F500BF4978 /* Release */,
			);
			defaultConfigurationIsVisible = 0;
			defaultConfigurationName = Release;
		};
		950C11FC255CB3F500BF4978 /* Build configuration list for PBXNativeTarget "LEDControl" */ = {
			isa = XCConfigurationList;
			buildConfigurations = (
				950C11FD255CB3F500BF4978 /* Debug */,
				950C11FE255CB3F500BF4978 /* Release */,
			);
			defaultConfigurationIsVisible = 0;
			defaultConfigurationName = Release;
		};
/* End XCConfigurationList section */
	};
	rootObject = 950C11E0255CB3F300BF4978 /* Project object */;
}
